
Microsoft Visual Studio Solution File, Format Version 11.00
# Visual Studio 2010
Project("{FAE04EC0-301F-11D3-BF4B-00C04F79EFBC}") = "Assembly-CSharp", "Assembly-CSharp.csproj", "{F4839758-6EE6-BBC3-6B6A-A38174923EC0}"
EndProject
Project("{FAE04EC0-301F-11D3-BF4B-00C04F79EFBC}") = "Assembly-CSharp-Editor", "Assembly-CSharp-Editor.csproj", "{EF66F5CE-F93A-72BC-2AEB-472114BE1C5F}"
EndProject
Global
	GlobalSection(SolutionConfigurationPlatforms) = preSolution
		Debug|Any CPU = Debug|Any CPU
		Release|Any CPU = Release|Any CPU
	EndGlobalSection
	GlobalSection(ProjectConfigurationPlatforms) = postSolution
		{F4839758-6EE6-BBC3-6B6A-A38174923EC0}.Debug|Any CPU.ActiveCfg = Debug|Any CPU
		{F4839758-6EE6-BBC3-6B6A-A38174923EC0}.Debug|Any CPU.Build.0 = Debug|Any CPU
		{F4839758-6EE6-BBC3-6B6A-A38174923EC0}.Release|Any CPU.ActiveCfg = Release|Any CPU
		{F4839758-6EE6-BBC3-6B6A-A38174923EC0}.Release|Any CPU.Build.0 = Release|Any CPU
		{EF66F5CE-F93A-72BC-2AEB-472114BE1C5F}.Debug|Any CPU.ActiveCfg = Debug|Any CPU
		{EF66F5CE-F93A-72BC-2AEB-472114BE1C5F}.Debug|Any CPU.Build.0 = Debug|Any CPU
		{EF66F5CE-F93A-72BC-2AEB-472114BE1C5F}.Release|Any CPU.ActiveCfg = Release|Any CPU
		{EF66F5CE-F93A-72BC-2AEB-472114BE1C5F}.Release|Any CPU.Build.0 = Release|Any CPU
	EndGlobalSection
	GlobalSection(SolutionProperties) = preSolution
		HideSolutionNode = FALSE
	EndGlobalSection
	GlobalSection(MonoDevelopProperties) = preSolution
		StartupItem = Assembly-CSharp.csproj
	EndGlobalSection
EndGlobal
